<?xml version="1.0" encoding="utf-8"?>
<Project ToolsVersion="4.0" xmlns="http://schemas.microsoft.com/developer/msbuild/2003">
  <ItemGroup>
    <Filter Include="Source Files">
      <UniqueIdentifier>{4FC737F1-C7A5-4376-A066-2A32D752A2FF}</UniqueIdentifier>
      <Extensions>cpp;c;cc;cxx;c++;def;odl;idl;hpj;bat;asm;asmx</Extensions>
    </Filter>
    <Filter Include="Header Files">
      <UniqueIdentifier>{93995380-89BD-4b04-88EB-625FBE52EBFB}</UniqueIdentifier>
      <Extensions>h;hh;hpp;hxx;h++;hm;inl;inc;ipp;xsd</Extensions>
    </Filter>
    <Filter Include="Resource Files">
      <UniqueIdentifier>{67DA6AB6-F800-4c08-8B7A-83BB121AAD01}</UniqueIdentifier>
      <Extensions>rc;ico;cur;bmp;dlg;rc2;rct;bin;rgs;gif;jpg;jpeg;jpe;resx;tiff;tif;png;wav;mfcribbon-ms</Extensions>
    </Filter>
  </ItemGroup>
  <ItemGroup>
    <None Include=".clang-format" />
    <None Include="packages.config" />
    <None Include=".clang-tidy" />
  </ItemGroup>
  <ItemGroup>
    <ClCompile Include="main.cpp">
      <Filter>Source Files</Filter>
    </ClCompile>
    <ClCompile Include="game_objects\triangle.cpp">
      <Filter>Source Files</Filter>
    </ClCompile>
    <ClCompile Include="game_objects\force_entity.cpp">
      <Filter>Source Files</Filter>
    </ClCompile>
    <ClCompile Include="sim_game\sim_game.cpp">
      <Filter>Source Files</Filter>
    </ClCompile>
    <ClCompile Include="sim_game\game_objects\force_triangle.cpp">
      <Filter>Source Files</Filter>
    </ClCompile>
    <ClCompile Include="game\game.cpp">
      <Filter>Source Files</Filter>
    </ClCompile>
    <ClCompile Include="sim_game\systems\draw_system.cpp">
      <Filter>Source Files</Filter>
    </ClCompile>
    <ClCompile Include="sdl\window.cpp">
      <Filter>Source Files</Filter>
    </ClCompile>
    <ClCompile Include="opengl\context.cpp">
      <Filter>Source Files</Filter>
    </ClCompile>
    <ClCompile Include="opengl\renderer.cpp">
      <Filter>Source Files</Filter>
    </ClCompile>
    <ClCompile Include="opengl\mesh.cpp">
      <Filter>Source Files</Filter>
    </ClCompile>
  </ItemGroup>
  <ItemGroup>
    <ClInclude Include="moving_cube.h">
      <Filter>Header Files</Filter>
    </ClInclude>
    <ClInclude Include="sdl\errors.h">
      <Filter>Header Files</Filter>
    </ClInclude>
    <ClInclude Include="sdl\lib.h">
      <Filter>Header Files</Filter>
    </ClInclude>
    <ClInclude Include="sdl\lib_ttf.h">
      <Filter>Header Files</Filter>
    </ClInclude>
    <ClInclude Include="sdl\window.h">
      <Filter>Header Files</Filter>
    </ClInclude>
    <ClInclude Include="sdl\renderer.h">
      <Filter>Header Files</Filter>
    </ClInclude>
    <ClInclude Include="sdl\font_manager.h">
      <Filter>Header Files</Filter>
    </ClInclude>
    <ClInclude Include="sdl\font.h">
      <Filter>Header Files</Filter>
    </ClInclude>
    <ClInclude Include="sdl\surface.h">
      <Filter>Header Files</Filter>
    </ClInclude>
    <ClInclude Include="sdl\texture.h">
      <Filter>Header Files</Filter>
    </ClInclude>
    <ClInclude Include="sdl\lib_image.h">
      <Filter>Header Files</Filter>
    </ClInclude>
    <ClInclude Include="sdl\image_manager.h">
      <Filter>Header Files</Filter>
    </ClInclude>
    <ClInclude Include="game\game_object.h">
      <Filter>Header Files</Filter>
    </ClInclude>
    <ClInclude Include="game\game.h">
      <Filter>Header Files</Filter>
    </ClInclude>
    <ClInclude Include="game_objects\triangle.h">
      <Filter>Header Files</Filter>
    </ClInclude>
    <ClInclude Include="util\random.h">
      <Filter>Header Files</Filter>
    </ClInclude>
    <ClInclude Include="game_objects\force_entity.h">
      <Filter>Header Files</Filter>
    </ClInclude>
    <ClInclude Include="game_objects\behavior.h">
      <Filter>Header Files</Filter>
    </ClInclude>
    <ClInclude Include="util\non_owning_ptr.h">
      <Filter>Header Files</Filter>
    </ClInclude>
    <ClInclude Include="sdl\conversions.h">
      <Filter>Header Files</Filter>
    </ClInclude>
    <ClInclude Include="util\math.h">
      <Filter>Header Files</Filter>
    </ClInclude>
    <ClInclude Include="sim_game\colors.h">
      <Filter>Header Files</Filter>
    </ClInclude>
    <ClInclude Include="sim_game\game_objects\force_triangle.h">
      <Filter>Header Files</Filter>
    </ClInclude>
    <ClInclude Include="sim_game\sim_game.h">
      <Filter>Header Files</Filter>
    </ClInclude>
    <ClInclude Include="sim_game\components.h">
      <Filter>Header Files</Filter>
    </ClInclude>
    <ClInclude Include="sim_game\systems.h">
      <Filter>Header Files</Filter>
    </ClInclude>
    <ClInclude Include="sim_game\systems\draw_system.h">
      <Filter>Header Files</Filter>
    </ClInclude>
    <ClInclude Include="sim_game\systems\physics_system.h">
      <Filter>Header Files</Filter>
    </ClInclude>
    <ClInclude Include="sim_game\components\transform.h">
      <Filter>Header Files</Filter>
    </ClInclude>
    <ClInclude Include="sim_game\components\sprite.h">
      <Filter>Header Files</Filter>
    </ClInclude>
    <ClInclude Include="sim_game\components\text.h">
      <Filter>Header Files</Filter>
    </ClInclude>
    <ClInclude Include="sim_game\components\physics.h">
      <Filter>Header Files</Filter>
    </ClInclude>
    <ClInclude Include="sim_game\components\steering.h">
      <Filter>Header Files</Filter>
    </ClInclude>
    <ClInclude Include="sim_game\systems\steering_system.h">
      <Filter>Header Files</Filter>
    </ClInclude>
    <ClInclude Include="sim_game\context\mouse_context.h">
      <Filter>Header Files</Filter>
    </ClInclude>
    <ClInclude Include="opengl\context.h">
      <Filter>Header Files</Filter>
    </ClInclude>
    <ClInclude Include="opengl\renderer.h">
      <Filter>Header Files</Filter>
    </ClInclude>
    <ClInclude Include="opengl\shaders.h">
      <Filter>Header Files</Filter>
    </ClInclude>
    <ClInclude Include="opengl\mesh.h">
      <Filter>Header Files</Filter>
    </ClInclude>
  </ItemGroup>
</Project>